
Microsoft Visual Studio Solution File, Format Version 12.00
# Visual Studio 15
VisualStudioVersion = 15.0.26430.13
MinimumVisualStudioVersion = 10.0.40219.1
Project("{FAE04EC0-301F-11D3-BF4B-00C04F79EFBC}") = "DelaInIGrupper", "DelaInIGrupper\DelaInIGrupper.csproj", "{AD7846B2-93B2-449C-93E4-C6B40041B605}"
EndProject
Global
	GlobalSection(SolutionConfigurationPlatforms) = preSolution
		Debug|Any CPU = Debug|Any CPU
		Release|Any CPU = Release|Any CPU
	EndGlobalSection
	GlobalSection(ProjectConfigurationPlatforms) = postSolution
		{AD7846B2-93B2-449C-93E4-C6B40041B605}.Debug|Any CPU.ActiveCfg = Debug|Any CPU
		{AD7846B2-93B2-449C-93E4-C6B40041B605}.Debug|Any CPU.Build.0 = Debug|Any CPU
		{AD7846B2-93B2-449C-93E4-C6B40041B605}.Release|Any CPU.ActiveCfg = Release|Any CPU
		{AD7846B2-93B2-449C-93E4-C6B40041B605}.Release|Any CPU.Build.0 = Release|Any CPU
	EndGlobalSection
	GlobalSection(SolutionProperties) = preSolution
		HideSolutionNode = FALSE
	EndGlobalSection
EndGlobal
